// !$*UTF8*$!
{
	archiveVersion = 1;
	classes = {
	};
	objectVersion = 56;
	objects = {

/* Begin PBXBuildFile section */
		7152B3D32D1919D400ACABD9 /* ArtistasService.swift in Sources */ = {isa = PBXBuildFile; fileRef = 7152B3D22D1919D400ACABD9 /* ArtistasService.swift */; };
		717D4A682D17BF180000F1C9 /* MainViewController.swift in Sources */ = {isa = PBXBuildFile; fileRef = 717D4A672D17BF180000F1C9 /* MainViewController.swift */; };
		717D4A6B2D1869A90000F1C9 /* CoreData.framework in Frameworks */ = {isa = PBXBuildFile; fileRef = 717D4A6A2D1869A90000F1C9 /* CoreData.framework */; };
		71B79F1B2D16762200896451 /* AppDelegate.swift in Sources */ = {isa = PBXBuildFile; fileRef = 71B79F1A2D16762200896451 /* AppDelegate.swift */; };
		71B79F1D2D16762200896451 /* SceneDelegate.swift in Sources */ = {isa = PBXBuildFile; fileRef = 71B79F1C2D16762200896451 /* SceneDelegate.swift */; };
		71B79F1F2D16762200896451 /* ViewController.swift in Sources */ = {isa = PBXBuildFile; fileRef = 71B79F1E2D16762200896451 /* ViewController.swift */; };
		71B79F222D16762200896451 /* Main.storyboard in Resources */ = {isa = PBXBuildFile; fileRef = 71B79F202D16762200896451 /* Main.storyboard */; };
		71B79F252D16762200896451 /* FinalProjecV3.xcdatamodeld in Sources */ = {isa = PBXBuildFile; fileRef = 71B79F232D16762200896451 /* FinalProjecV3.xcdatamodeld */; };
		71B79F272D16762300896451 /* Assets.xcassets in Resources */ = {isa = PBXBuildFile; fileRef = 71B79F262D16762300896451 /* Assets.xcassets */; };
		71B79F2A2D16762300896451 /* LaunchScreen.storyboard in Resources */ = {isa = PBXBuildFile; fileRef = 71B79F282D16762300896451 /* LaunchScreen.storyboard */; };
		71B79F322D1679D700896451 /* Persistence.swift in Sources */ = {isa = PBXBuildFile; fileRef = 71B79F312D1679D700896451 /* Persistence.swift */; };
		71B79F3C2D167E1D00896451 /* Artista.swift in Sources */ = {isa = PBXBuildFile; fileRef = 71B79F3B2D167E1D00896451 /* Artista.swift */; };
		71B79F452D168AD500896451 /* Marcadores+CoreDataClass.swift in Sources */ = {isa = PBXBuildFile; fileRef = 71B79F432D168AD500896451 /* Marcadores+CoreDataClass.swift */; };
		71B79F462D168AD500896451 /* Marcadores+CoreDataProperties.swift in Sources */ = {isa = PBXBuildFile; fileRef = 71B79F442D168AD500896451 /* Marcadores+CoreDataProperties.swift */; };
		71B79F482D168D3600896451 /* InternerMonitor.swift in Sources */ = {isa = PBXBuildFile; fileRef = 71B79F472D168D3600896451 /* InternerMonitor.swift */; };
		71B79F4A2D168DB300896451 /* DataManager.swift in Sources */ = {isa = PBXBuildFile; fileRef = 71B79F492D168DB300896451 /* DataManager.swift */; };
		71B79F4E2D168F5B00896451 /* AddMarcadorViewController.swift in Sources */ = {isa = PBXBuildFile; fileRef = 71B79F4D2D168F5B00896451 /* AddMarcadorViewController.swift */; };
		71B79F522D169F0D00896451 /* MarcadoresTableViewCell.swift in Sources */ = {isa = PBXBuildFile; fileRef = 71B79F512D169F0D00896451 /* MarcadoresTableViewCell.swift */; };
		71B79F542D169F1B00896451 /* ArtistaTableViewCell.swift in Sources */ = {isa = PBXBuildFile; fileRef = 71B79F532D169F1B00896451 /* ArtistaTableViewCell.swift */; };
		71B79F562D169F3700896451 /* ArtistTableViewController.swift in Sources */ = {isa = PBXBuildFile; fileRef = 71B79F552D169F3700896451 /* ArtistTableViewController.swift */; };
		71B79F582D169F5400896451 /* DetailViewController.swift in Sources */ = {isa = PBXBuildFile; fileRef = 71B79F572D169F5400896451 /* DetailViewController.swift */; };
		71B79F5A2D169FE000896451 /* MarcadoresTableViewController.swift in Sources */ = {isa = PBXBuildFile; fileRef = 71B79F592D169FE000896451 /* MarcadoresTableViewController.swift */; };
/* End PBXBuildFile section */

/* Begin PBXFileReference section */
		7152B3D22D1919D400ACABD9 /* ArtistasService.swift */ = {isa = PBXFileReference; lastKnownFileType = sourcecode.swift; path = ArtistasService.swift; sourceTree = "<group>"; };
		717D4A672D17BF180000F1C9 /* MainViewController.swift */ = {isa = PBXFileReference; lastKnownFileType = sourcecode.swift; path = MainViewController.swift; sourceTree = "<group>"; };
		717D4A6A2D1869A90000F1C9 /* CoreData.framework */ = {isa = PBXFileReference; lastKnownFileType = wrapper.framework; name = CoreData.framework; path = System/Library/Frameworks/CoreData.framework; sourceTree = SDKROOT; };
		71B79F172D16762200896451 /* FinalProjecV3.app */ = {isa = PBXFileReference; explicitFileType = wrapper.application; includeInIndex = 0; path = FinalProjecV3.app; sourceTree = BUILT_PRODUCTS_DIR; };
		71B79F1A2D16762200896451 /* AppDelegate.swift */ = {isa = PBXFileReference; lastKnownFileType = sourcecode.swift; path = AppDelegate.swift; sourceTree = "<group>"; };
		71B79F1C2D16762200896451 /* SceneDelegate.swift */ = {isa = PBXFileReference; lastKnownFileType = sourcecode.swift; path = SceneDelegate.swift; sourceTree = "<group>"; };
		71B79F1E2D16762200896451 /* ViewController.swift */ = {isa = PBXFileReference; lastKnownFileType = sourcecode.swift; path = ViewController.swift; sourceTree = "<group>"; };
		71B79F212D16762200896451 /* Base */ = {isa = PBXFileReference; lastKnownFileType = file.storyboard; name = Base; path = Base.lproj/Main.storyboard; sourceTree = "<group>"; };
		71B79F242D16762200896451 /* FinalProjecV3.xcdatamodel */ = {isa = PBXFileReference; lastKnownFileType = wrapper.xcdatamodel; path = FinalProjecV3.xcdatamodel; sourceTree = "<group>"; };
		71B79F262D16762300896451 /* Assets.xcassets */ = {isa = PBXFileReference; lastKnownFileType = folder.assetcatalog; path = Assets.xcassets; sourceTree = "<group>"; };
		71B79F292D16762300896451 /* Base */ = {isa = PBXFileReference; lastKnownFileType = file.storyboard; name = Base; path = Base.lproj/LaunchScreen.storyboard; sourceTree = "<group>"; };
		71B79F2B2D16762300896451 /* Info.plist */ = {isa = PBXFileReference; lastKnownFileType = text.plist.xml; path = Info.plist; sourceTree = "<group>"; };
		71B79F312D1679D700896451 /* Persistence.swift */ = {isa = PBXFileReference; lastKnownFileType = sourcecode.swift; path = Persistence.swift; sourceTree = "<group>"; };
		71B79F3B2D167E1D00896451 /* Artista.swift */ = {isa = PBXFileReference; lastKnownFileType = sourcecode.swift; path = Artista.swift; sourceTree = "<group>"; };
		71B79F432D168AD500896451 /* Marcadores+CoreDataClass.swift */ = {isa = PBXFileReference; lastKnownFileType = sourcecode.swift; path = "Marcadores+CoreDataClass.swift"; sourceTree = "<group>"; };
		71B79F442D168AD500896451 /* Marcadores+CoreDataProperties.swift */ = {isa = PBXFileReference; lastKnownFileType = sourcecode.swift; path = "Marcadores+CoreDataProperties.swift"; sourceTree = "<group>"; };
		71B79F472D168D3600896451 /* InternerMonitor.swift */ = {isa = PBXFileReference; lastKnownFileType = sourcecode.swift; path = InternerMonitor.swift; sourceTree = "<group>"; };
		71B79F492D168DB300896451 /* DataManager.swift */ = {isa = PBXFileReference; lastKnownFileType = sourcecode.swift; path = DataManager.swift; sourceTree = "<group>"; };
		71B79F4D2D168F5B00896451 /* AddMarcadorViewController.swift */ = {isa = PBXFileReference; lastKnownFileType = sourcecode.swift; path = AddMarcadorViewController.swift; sourceTree = "<group>"; };
		71B79F512D169F0D00896451 /* MarcadoresTableViewCell.swift */ = {isa = PBXFileReference; lastKnownFileType = sourcecode.swift; path = MarcadoresTableViewCell.swift; sourceTree = "<group>"; };
		71B79F532D169F1B00896451 /* ArtistaTableViewCell.swift */ = {isa = PBXFileReference; lastKnownFileType = sourcecode.swift; path = ArtistaTableViewCell.swift; sourceTree = "<group>"; };
		71B79F552D169F3700896451 /* ArtistTableViewController.swift */ = {isa = PBXFileReference; lastKnownFileType = sourcecode.swift; path = ArtistTableViewController.swift; sourceTree = "<group>"; };
		71B79F572D169F5400896451 /* DetailViewController.swift */ = {isa = PBXFileReference; lastKnownFileType = sourcecode.swift; path = DetailViewController.swift; sourceTree = "<group>"; };
		71B79F592D169FE000896451 /* MarcadoresTableViewController.swift */ = {isa = PBXFileReference; lastKnownFileType = sourcecode.swift; path = MarcadoresTableViewController.swift; sourceTree = "<group>"; };
/* End PBXFileReference section */

/* Begin PBXFrameworksBuildPhase section */
		71B79F142D16762200896451 /* Frameworks */ = {
			isa = PBXFrameworksBuildPhase;
			buildActionMask = 2147483647;
			files = (
				717D4A6B2D1869A90000F1C9 /* CoreData.framework in Frameworks */,
			);
			runOnlyForDeploymentPostprocessing = 0;
		};
/* End PBXFrameworksBuildPhase section */

/* Begin PBXGroup section */
		717D4A692D1869A90000F1C9 /* Frameworks */ = {
			isa = PBXGroup;
			children = (
				717D4A6A2D1869A90000F1C9 /* CoreData.framework */,
			);
			name = Frameworks;
			sourceTree = "<group>";
		};
		71B79F0E2D16762200896451 = {
			isa = PBXGroup;
			children = (
				71B79F432D168AD500896451 /* Marcadores+CoreDataClass.swift */,
				71B79F442D168AD500896451 /* Marcadores+CoreDataProperties.swift */,
				71B79F192D16762200896451 /* FinalProjecV3 */,
				71B79F182D16762200896451 /* Products */,
				717D4A692D1869A90000F1C9 /* Frameworks */,
			);
			sourceTree = "<group>";
		};
		71B79F182D16762200896451 /* Products */ = {
			isa = PBXGroup;
			children = (
				71B79F172D16762200896451 /* FinalProjecV3.app */,
			);
			name = Products;
			sourceTree = "<group>";
		};
		71B79F192D16762200896451 /* FinalProjecV3 */ = {
			isa = PBXGroup;
			children = (
				71B79F4C2D168F2B00896451 /* views */,
				71B79F202D16762200896451 /* Main.storyboard */,
				71B79F282D16762300896451 /* LaunchScreen.storyboard */,
				71B79F4B2D168F0900896451 /* DataFilesMarcadores */,
				71B79F262D16762300896451 /* Assets.xcassets */,
				71B79F2B2D16762300896451 /* Info.plist */,
				71B79F232D16762200896451 /* FinalProjecV3.xcdatamodeld */,
				71B79F312D1679D700896451 /* Persistence.swift */,
				71B79F3B2D167E1D00896451 /* Artista.swift */,
				71B79F1E2D16762200896451 /* ViewController.swift */,
			);
			path = FinalProjecV3;
			sourceTree = "<group>";
		};
		71B79F4B2D168F0900896451 /* DataFilesMarcadores */ = {
			isa = PBXGroup;
			children = (
				71B79F1A2D16762200896451 /* AppDelegate.swift */,
				71B79F472D168D3600896451 /* InternerMonitor.swift */,
				71B79F1C2D16762200896451 /* SceneDelegate.swift */,
				71B79F492D168DB300896451 /* DataManager.swift */,
			);
			path = DataFilesMarcadores;
			sourceTree = "<group>";
		};
		71B79F4C2D168F2B00896451 /* views */ = {
			isa = PBXGroup;
			children = (
				71B79F4D2D168F5B00896451 /* AddMarcadorViewController.swift */,
				71B79F592D169FE000896451 /* MarcadoresTableViewController.swift */,
				71B79F512D169F0D00896451 /* MarcadoresTableViewCell.swift */,
				71B79F552D169F3700896451 /* ArtistTableViewController.swift */,
				71B79F532D169F1B00896451 /* ArtistaTableViewCell.swift */,
				71B79F572D169F5400896451 /* DetailViewController.swift */,
				717D4A672D17BF180000F1C9 /* MainViewController.swift */,
				7152B3D22D1919D400ACABD9 /* ArtistasService.swift */,
			);
			path = views;
			sourceTree = "<group>";
		};
/* End PBXGroup section */

/* Begin PBXNativeTarget section */
		71B79F162D16762200896451 /* FinalProjecV3 */ = {
			isa = PBXNativeTarget;
			buildConfigurationList = 71B79F2E2D16762300896451 /* Build configuration list for PBXNativeTarget "FinalProjecV3" */;
			buildPhases = (
				71B79F132D16762200896451 /* Sources */,
				71B79F142D16762200896451 /* Frameworks */,
				71B79F152D16762200896451 /* Resources */,
			);
			buildRules = (
			);
			dependencies = (
			);
			name = FinalProjecV3;
			productName = FinalProjecV3;
			productReference = 71B79F172D16762200896451 /* FinalProjecV3.app */;
			productType = "com.apple.product-type.application";
		};
/* End PBXNativeTarget section */

/* Begin PBXProject section */
		71B79F0F2D16762200896451 /* Project object */ = {
			isa = PBXProject;
			attributes = {
				BuildIndependentTargetsInParallel = 1;
				LastSwiftUpdateCheck = 1520;
				LastUpgradeCheck = 1520;
				TargetAttributes = {
					71B79F162D16762200896451 = {
						CreatedOnToolsVersion = 15.2;
					};
				};
			};
			buildConfigurationList = 71B79F122D16762200896451 /* Build configuration list for PBXProject "FinalProjecV3" */;
			compatibilityVersion = "Xcode 14.0";
			developmentRegion = en;
			hasScannedForEncodings = 0;
			knownRegions = (
				en,
				Base,
			);
			mainGroup = 71B79F0E2D16762200896451;
			productRefGroup = 71B79F182D16762200896451 /* Products */;
			projectDirPath = "";
			projectRoot = "";
			targets = (
				71B79F162D16762200896451 /* FinalProjecV3 */,
			);
		};
/* End PBXProject section */

/* Begin PBXResourcesBuildPhase section */
		71B79F152D16762200896451 /* Resources */ = {
			isa = PBXResourcesBuildPhase;
			buildActionMask = 2147483647;
			files = (
				71B79F2A2D16762300896451 /* LaunchScreen.storyboard in Resources */,
				71B79F272D16762300896451 /* Assets.xcassets in Resources */,
				71B79F222D16762200896451 /* Main.storyboard in Resources */,
			);
			runOnlyForDeploymentPostprocessing = 0;
		};
/* End PBXResourcesBuildPhase section */

/* Begin PBXSourcesBuildPhase section */
		71B79F132D16762200896451 /* Sources */ = {
			isa = PBXSourcesBuildPhase;
			buildActionMask = 2147483647;
			files = (
				71B79F522D169F0D00896451 /* MarcadoresTableViewCell.swift in Sources */,
				71B79F252D16762200896451 /* FinalProjecV3.xcdatamodeld in Sources */,
				71B79F542D169F1B00896451 /* ArtistaTableViewCell.swift in Sources */,
				71B79F4A2D168DB300896451 /* DataManager.swift in Sources */,
				71B79F482D168D3600896451 /* InternerMonitor.swift in Sources */,
				71B79F1F2D16762200896451 /* ViewController.swift in Sources */,
				71B79F5A2D169FE000896451 /* MarcadoresTableViewController.swift in Sources */,
				717D4A682D17BF180000F1C9 /* MainViewController.swift in Sources */,
				71B79F4E2D168F5B00896451 /* AddMarcadorViewController.swift in Sources */,
				71B79F1B2D16762200896451 /* AppDelegate.swift in Sources */,
				71B79F1D2D16762200896451 /* SceneDelegate.swift in Sources */,
				71B79F462D168AD500896451 /* Marcadores+CoreDataProperties.swift in Sources */,
				7152B3D32D1919D400ACABD9 /* ArtistasService.swift in Sources */,
				71B79F562D169F3700896451 /* ArtistTableViewController.swift in Sources */,
				71B79F3C2D167E1D00896451 /* Artista.swift in Sources */,
				71B79F582D169F5400896451 /* DetailViewController.swift in Sources */,
				71B79F452D168AD500896451 /* Marcadores+CoreDataClass.swift in Sources */,
				71B79F322D1679D700896451 /* Persistence.swift in Sources */,
			);
			runOnlyForDeploymentPostprocessing = 0;
		};
/* End PBXSourcesBuildPhase section */

/* Begin PBXVariantGroup section */
		71B79F202D16762200896451 /* Main.storyboard */ = {
			isa = PBXVariantGroup;
			children = (
				71B79F212D16762200896451 /* Base */,
			);
			name = Main.storyboard;
			sourceTree = "<group>";
		};
		71B79F282D16762300896451 /* LaunchScreen.storyboard */ = {
			isa = PBXVariantGroup;
			children = (
				71B79F292D16762300896451 /* Base */,
			);
			name = LaunchScreen.storyboard;
			sourceTree = "<group>";
		};
/* End PBXVariantGroup section */

/* Begin XCBuildConfiguration section */
		71B79F2C2D16762300896451 /* Debug */ = {
			isa = XCBuildConfiguration;
			buildSettings = {
				ALWAYS_SEARCH_USER_PATHS = NO;
				ASSETCATALOG_COMPILER_GENERATE_SWIFT_ASSET_SYMBOL_EXTENSIONS = YES;
				CLANG_ANALYZER_NONNULL = YES;
				CLANG_ANALYZER_NUMBER_OBJECT_CONVERSION = YES_AGGRESSIVE;
				CLANG_CXX_LANGUAGE_STANDARD = "gnu++20";
				CLANG_ENABLE_MODULES = YES;
				CLANG_ENABLE_OBJC_ARC = YES;
				CLANG_ENABLE_OBJC_WEAK = YES;
				CLANG_WARN_BLOCK_CAPTURE_AUTORELEASING = YES;
				CLANG_WARN_BOOL_CONVERSION = YES;
				CLANG_WARN_COMMA = YES;
				CLANG_WARN_CONSTANT_CONVERSION = YES;
				CLANG_WARN_DEPRECATED_OBJC_IMPLEMENTATIONS = YES;
				CLANG_WARN_DIRECT_OBJC_ISA_USAGE = YES_ERROR;
				CLANG_WARN_DOCUMENTATION_COMMENTS = YES;
				CLANG_WARN_EMPTY_BODY = YES;
				CLANG_WARN_ENUM_CONVERSION = YES;
				CLANG_WARN_INFINITE_RECURSION = YES;
				CLANG_WARN_INT_CONVERSION = YES;
				CLANG_WARN_NON_LITERAL_NULL_CONVERSION = YES;
				CLANG_WARN_OBJC_IMPLICIT_RETAIN_SELF = YES;
				CLANG_WARN_OBJC_LITERAL_CONVERSION = YES;
				CLANG_WARN_OBJC_ROOT_CLASS = YES_ERROR;
				CLANG_WARN_QUOTED_INCLUDE_IN_FRAMEWORK_HEADER = YES;
				CLANG_WARN_RANGE_LOOP_ANALYSIS = YES;
				CLANG_WARN_STRICT_PROTOTYPES = YES;
				CLANG_WARN_SUSPICIOUS_MOVE = YES;
				CLANG_WARN_UNGUARDED_AVAILABILITY = YES_AGGRESSIVE;
				CLANG_WARN_UNREACHABLE_CODE = YES;
				CLANG_WARN__DUPLICATE_METHOD_MATCH = YES;
				COPY_PHASE_STRIP = NO;
				DEBUG_INFORMATION_FORMAT = dwarf;
				ENABLE_STRICT_OBJC_MSGSEND = YES;
				ENABLE_TESTABILITY = YES;
				ENABLE_USER_SCRIPT_SANDBOXING = YES;
				GCC_C_LANGUAGE_STANDARD = gnu17;
				GCC_DYNAMIC_NO_PIC = NO;
				GCC_NO_COMMON_BLOCKS = YES;
				GCC_OPTIMIZATION_LEVEL = 0;
				GCC_PREPROCESSOR_DEFINITIONS = (
					"DEBUG=1",
					"$(inherited)",
				);
				GCC_WARN_64_TO_32_BIT_CONVERSION = YES;
				GCC_WARN_ABOUT_RETURN_TYPE = YES_ERROR;
				GCC_WARN_UNDECLARED_SELECTOR = YES;
				GCC_WARN_UNINITIALIZED_AUTOS = YES_AGGRESSIVE;
				GCC_WARN_UNUSED_FUNCTION = YES;
				GCC_WARN_UNUSED_VARIABLE = YES;
				IPHONEOS_DEPLOYMENT_TARGET = 17.2;
				LOCALIZATION_PREFERS_STRING_CATALOGS = YES;
				MTL_ENABLE_DEBUG_INFO = INCLUDE_SOURCE;
				MTL_FAST_MATH = YES;
				ONLY_ACTIVE_ARCH = YES;
				SDKROOT = iphoneos;
				SWIFT_ACTIVE_COMPILATION_CONDITIONS = "DEBUG $(inherited)";
				SWIFT_OPTIMIZATION_LEVEL = "-Onone";
			};
			name = Debug;
		};
		71B79F2D2D16762300896451 /* Release */ = {
			isa = XCBuildConfiguration;
			buildSettings = {
				ALWAYS_SEARCH_USER_PATHS = NO;
				ASSETCATALOG_COMPILER_GENERATE_SWIFT_ASSET_SYMBOL_EXTENSIONS = YES;
				CLANG_ANALYZER_NONNULL = YES;
				CLANG_ANALYZER_NUMBER_OBJECT_CONVERSION = YES_AGGRESSIVE;
				CLANG_CXX_LANGUAGE_STANDARD = "gnu++20";
				CLANG_ENABLE_MODULES = YES;
				CLANG_ENABLE_OBJC_ARC = YES;
				CLANG_ENABLE_OBJC_WEAK = YES;
				CLANG_WARN_BLOCK_CAPTURE_AUTORELEASING = YES;
				CLANG_WARN_BOOL_CONVERSION = YES;
				CLANG_WARN_COMMA = YES;
				CLANG_WARN_CONSTANT_CONVERSION = YES;
				CLANG_WARN_DEPRECATED_OBJC_IMPLEMENTATIONS = YES;
				CLANG_WARN_DIRECT_OBJC_ISA_USAGE = YES_ERROR;
				CLANG_WARN_DOCUMENTATION_COMMENTS = YES;
				CLANG_WARN_EMPTY_BODY = YES;
				CLANG_WARN_ENUM_CONVERSION = YES;
				CLANG_WARN_INFINITE_RECURSION = YES;
				CLANG_WARN_INT_CONVERSION = YES;
				CLANG_WARN_NON_LITERAL_NULL_CONVERSION = YES;
				CLANG_WARN_OBJC_IMPLICIT_RETAIN_SELF = YES;
				CLANG_WARN_OBJC_LITERAL_CONVERSION = YES;
				CLANG_WARN_OBJC_ROOT_CLASS = YES_ERROR;
				CLANG_WARN_QUOTED_INCLUDE_IN_FRAMEWORK_HEADER = YES;
				CLANG_WARN_RANGE_LOOP_ANALYSIS = YES;
				CLANG_WARN_STRICT_PROTOTYPES = YES;
				CLANG_WARN_SUSPICIOUS_MOVE = YES;
				CLANG_WARN_UNGUARDED_AVAILABILITY = YES_AGGRESSIVE;
				CLANG_WARN_UNREACHABLE_CODE = YES;
				CLANG_WARN__DUPLICATE_METHOD_MATCH = YES;
				COPY_PHASE_STRIP = NO;
				DEBUG_INFORMATION_FORMAT = "dwarf-with-dsym";
				ENABLE_NS_ASSERTIONS = NO;
				ENABLE_STRICT_OBJC_MSGSEND = YES;
				ENABLE_USER_SCRIPT_SANDBOXING = YES;
				GCC_C_LANGUAGE_STANDARD = gnu17;
				GCC_NO_COMMON_BLOCKS = YES;
				GCC_WARN_64_TO_32_BIT_CONVERSION = YES;
				GCC_WARN_ABOUT_RETURN_TYPE = YES_ERROR;
				GCC_WARN_UNDECLARED_SELECTOR = YES;
				GCC_WARN_UNINITIALIZED_AUTOS = YES_AGGRESSIVE;
				GCC_WARN_UNUSED_FUNCTION = YES;
				GCC_WARN_UNUSED_VARIABLE = YES;
				IPHONEOS_DEPLOYMENT_TARGET = 17.2;
				LOCALIZATION_PREFERS_STRING_CATALOGS = YES;
				MTL_ENABLE_DEBUG_INFO = NO;
				MTL_FAST_MATH = YES;
				SDKROOT = iphoneos;
				SWIFT_COMPILATION_MODE = wholemodule;
				VALIDATE_PRODUCT = YES;
			};
			name = Release;
		};
		71B79F2F2D16762300896451 /* Debug */ = {
			isa = XCBuildConfiguration;
			buildSettings = {
				ASSETCATALOG_COMPILER_APPICON_NAME = AppIcon;
				ASSETCATALOG_COMPILER_GLOBAL_ACCENT_COLOR_NAME = AccentColor;
				CODE_SIGN_STYLE = Automatic;
				CURRENT_PROJECT_VERSION = 1;
				DEVELOPMENT_TEAM = YR78DF7SAS;
				GENERATE_INFOPLIST_FILE = YES;
				INFOPLIST_FILE = FinalProjecV3/Info.plist;
				INFOPLIST_KEY_UIApplicationSupportsIndirectInputEvents = YES;
				INFOPLIST_KEY_UILaunchStoryboardName = LaunchScreen;
				INFOPLIST_KEY_UIMainStoryboardFile = Main;
				INFOPLIST_KEY_UISupportedInterfaceOrientations_iPad = "UIInterfaceOrientationPortrait UIInterfaceOrientationPortraitUpsideDown UIInterfaceOrientationLandscapeLeft UIInterfaceOrientationLandscapeRight";
				INFOPLIST_KEY_UISupportedInterfaceOrientations_iPhone = "UIInterfaceOrientationPortrait UIInterfaceOrientationLandscapeLeft UIInterfaceOrientationLandscapeRight";
				LD_RUNPATH_SEARCH_PATHS = (
					"$(inherited)",
					"@executable_path/Frameworks",
				);
				MARKETING_VERSION = 1.0;
				PRODUCT_BUNDLE_IDENTIFIER = azulalfaro.modulo5.FinalProjecV3;
				PRODUCT_NAME = "$(TARGET_NAME)";
				SWIFT_EMIT_LOC_STRINGS = YES;
				SWIFT_VERSION = 5.0;
				TARGETED_DEVICE_FAMILY = "1,2";
			};
			name = Debug;
		};
		71B79F302D16762300896451 /* Release */ = {
			isa = XCBuildConfiguration;
			buildSettings = {
				ASSETCATALOG_COMPILER_APPICON_NAME = AppIcon;
				ASSETCATALOG_COMPILER_GLOBAL_ACCENT_COLOR_NAME = AccentColor;
				CODE_SIGN_STYLE = Automatic;
				CURRENT_PROJECT_VERSION = 1;
				DEVELOPMENT_TEAM = YR78DF7SAS;
				GENERATE_INFOPLIST_FILE = YES;
				INFOPLIST_FILE = FinalProjecV3/Info.plist;
				INFOPLIST_KEY_UIApplicationSupportsIndirectInputEvents = YES;
				INFOPLIST_KEY_UILaunchStoryboardName = LaunchScreen;
				INFOPLIST_KEY_UIMainStoryboardFile = Main;
				INFOPLIST_KEY_UISupportedInterfaceOrientations_iPad = "UIInterfaceOrientationPortrait UIInterfaceOrientationPortraitUpsideDown UIInterfaceOrientationLandscapeLeft UIInterfaceOrientationLandscapeRight";
				INFOPLIST_KEY_UISupportedInterfaceOrientations_iPhone = "UIInterfaceOrientationPortrait UIInterfaceOrientationLandscapeLeft UIInterfaceOrientationLandscapeRight";
				LD_RUNPATH_SEARCH_PATHS = (
					"$(inherited)",
					"@executable_path/Frameworks",
				);
				MARKETING_VERSION = 1.0;
				PRODUCT_BUNDLE_IDENTIFIER = azulalfaro.modulo5.FinalProjecV3;
				PRODUCT_NAME = "$(TARGET_NAME)";
				SWIFT_EMIT_LOC_STRINGS = YES;
				SWIFT_VERSION = 5.0;
				TARGETED_DEVICE_FAMILY = "1,2";
			};
			name = Release;
		};
/* End XCBuildConfiguration section */

/* Begin XCConfigurationList section */
		71B79F122D16762200896451 /* Build configuration list for PBXProject "FinalProjecV3" */ = {
			isa = XCConfigurationList;
			buildConfigurations = (
				71B79F2C2D16762300896451 /* Debug */,
				71B79F2D2D16762300896451 /* Release */,
			);
			defaultConfigurationIsVisible = 0;
			defaultConfigurationName = Release;
		};
		71B79F2E2D16762300896451 /* Build configuration list for PBXNativeTarget "FinalProjecV3" */ = {
			isa = XCConfigurationList;
			buildConfigurations = (
				71B79F2F2D16762300896451 /* Debug */,
				71B79F302D16762300896451 /* Release */,
			);
			defaultConfigurationIsVisible = 0;
			defaultConfigurationName = Release;
		};
/* End XCConfigurationList section */

/* Begin XCVersionGroup section */
		71B79F232D16762200896451 /* FinalProjecV3.xcdatamodeld */ = {
			isa = XCVersionGroup;
			children = (
				71B79F242D16762200896451 /* FinalProjecV3.xcdatamodel */,
			);
			currentVersion = 71B79F242D16762200896451 /* FinalProjecV3.xcdatamodel */;
			path = FinalProjecV3.xcdatamodeld;
			sourceTree = "<group>";
			versionGroupType = wrapper.xcdatamodel;
		};
/* End XCVersionGroup section */
	};
	rootObject = 71B79F0F2D16762200896451 /* Project object */;
}
